{
  "lockfile_version": "1",
  "packages": {
    "act@0.2.74": {
      "last_modified": "2025-02-23T09:42:26Z",
      "resolved": "github:NixOS/nixpkgs/2d068ae5c6516b2d04562de50a58c682540de9bf#act",
      "source": "devbox-search",
      "version": "0.2.74",
      "systems": {
        "aarch64-darwin": {
          "outputs": [
            {
              "name": "out",
              "path": "/nix/store/hlligjzal78pn085sjans1ij5yg4c3kn-act-0.2.74",
              "default": true
            }
          ],
          "store_path": "/nix/store/hlligjzal78pn085sjans1ij5yg4c3kn-act-0.2.74"
        },
        "aarch64-linux": {
          "outputs": [
            {
              "name": "out",
              "path": "/nix/store/drzcg1w5ps3v3b7a5s6rildv8aqlxpsx-act-0.2.74",
              "default": true
            }
          ],
          "store_path": "/nix/store/drzcg1w5ps3v3b7a5s6rildv8aqlxpsx-act-0.2.74"
        },
        "x86_64-darwin": {
          "outputs": [
            {
              "name": "out",
              "path": "/nix/store/w3ippmwray8fm5rwfmdc37bdrvgsnqpn-act-0.2.74",
              "default": true
            }
          ],
          "store_path": "/nix/store/w3ippmwray8fm5rwfmdc37bdrvgsnqpn-act-0.2.74"
        },
        "x86_64-linux": {
          "outputs": [
            {
              "name": "out",
              "path": "/nix/store/n2cyh900p09dy4z22sxnjpazxfcw3lp1-act-0.2.74",
              "default": true
            }
          ],
          "store_path": "/nix/store/n2cyh900p09dy4z22sxnjpazxfcw3lp1-act-0.2.74"
        }
      }
    },
    "actionlint@1.7.7": {
      "last_modified": "2025-05-16T20:19:48Z",
      "resolved": "github:NixOS/nixpkgs/12a55407652e04dcf2309436eb06fef0d3713ef3#actionlint",
      "source": "devbox-search",
      "version": "1.7.7",
      "systems": {
        "aarch64-darwin": {
          "outputs": [
            {
              "name": "out",
              "path": "/nix/store/qh0pd0v88jjbfncz8xr7xfjz5a5rw9p1-actionlint-1.7.7",
              "default": true
            }
          ],
          "store_path": "/nix/store/qh0pd0v88jjbfncz8xr7xfjz5a5rw9p1-actionlint-1.7.7"
        },
        "aarch64-linux": {
          "outputs": [
            {
              "name": "out",
              "path": "/nix/store/syq4blky387yqcd6md7la89divvygs9a-actionlint-1.7.7",
              "default": true
            }
          ],
          "store_path": "/nix/store/syq4blky387yqcd6md7la89divvygs9a-actionlint-1.7.7"
        },
        "x86_64-darwin": {
          "outputs": [
            {
              "name": "out",
              "path": "/nix/store/lw5jkxnpa1s3d1h2bgg483nf5z7c4qd9-actionlint-1.7.7",
              "default": true
            }
          ],
          "store_path": "/nix/store/lw5jkxnpa1s3d1h2bgg483nf5z7c4qd9-actionlint-1.7.7"
        },
        "x86_64-linux": {
          "outputs": [
            {
              "name": "out",
              "path": "/nix/store/7f5kq4zprdyx3bsi3i36qb3vdzcnwlj8-actionlint-1.7.7",
              "default": true
            }
          ],
          "store_path": "/nix/store/7f5kq4zprdyx3bsi3i36qb3vdzcnwlj8-actionlint-1.7.7"
        }
      }
    },
    "awscli2@2.23.11": {
      "last_modified": "2025-02-26T05:29:08Z",
      "resolved": "github:NixOS/nixpkgs/3a05eebede89661660945da1f151959900903b6a#awscli2",
      "source": "devbox-search",
      "version": "2.23.11",
      "systems": {
        "aarch64-darwin": {
          "outputs": [
            {
              "name": "out",
              "path": "/nix/store/g6jj7qmpd5dg3dyc3ql265gpgrkihv3s-awscli2-2.23.11",
              "default": true
            },
            {
              "name": "dist",
              "path": "/nix/store/a3vmqhz9bhy8pqfvlllq5r5yl2iqzvbg-awscli2-2.23.11-dist"
            }
          ],
          "store_path": "/nix/store/g6jj7qmpd5dg3dyc3ql265gpgrkihv3s-awscli2-2.23.11"
        },
        "aarch64-linux": {
          "outputs": [
            {
              "name": "out",
              "path": "/nix/store/pwz74drbg54x8dmb887zh5vi45j0rmj9-awscli2-2.23.11",
              "default": true
            },
            {
              "name": "dist",
              "path": "/nix/store/0gnq47wz90bf7l5wfp4car6yj8qz8d53-awscli2-2.23.11-dist"
            }
          ],
          "store_path": "/nix/store/pwz74drbg54x8dmb887zh5vi45j0rmj9-awscli2-2.23.11"
        },
        "x86_64-darwin": {
          "outputs": [
            {
              "name": "out",
              "path": "/nix/store/n0nr253pxq99619zwv3pc2j706xlv06l-awscli2-2.23.11",
              "default": true
            },
            {
              "name": "dist",
              "path": "/nix/store/ia12k87p71by7dmjqi1jbr7lw06mv0av-awscli2-2.23.11-dist"
            }
          ],
          "store_path": "/nix/store/n0nr253pxq99619zwv3pc2j706xlv06l-awscli2-2.23.11"
        },
        "x86_64-linux": {
          "outputs": [
            {
              "name": "out",
              "path": "/nix/store/cchfha6nyc147qk48lvb6by48m0wwkbi-awscli2-2.23.11",
              "default": true
            },
            {
              "name": "dist",
              "path": "/nix/store/22fij6bz38csz875gs17bk4aad7skj1n-awscli2-2.23.11-dist"
            }
          ],
          "store_path": "/nix/store/cchfha6nyc147qk48lvb6by48m0wwkbi-awscli2-2.23.11"
        }
      }
    },
    "direnv@2.35.0": {
      "last_modified": "2025-03-19T14:38:57Z",
      "resolved": "github:NixOS/nixpkgs/2a725d40de138714db4872dc7405d86457aa17ad#direnv",
      "source": "devbox-search",
      "version": "2.35.0",
      "systems": {
        "aarch64-darwin": {
          "outputs": [
            {
              "name": "out",
              "path": "/nix/store/pgn5v2z4w506x2ma4925a77qj226sx04-direnv-2.35.0",
              "default": true
            }
          ],
          "store_path": "/nix/store/pgn5v2z4w506x2ma4925a77qj226sx04-direnv-2.35.0"
        },
        "aarch64-linux": {
          "outputs": [
            {
              "name": "out",
              "path": "/nix/store/gln3h31y4ryn223y5qw0drp1bc57x9mm-direnv-2.35.0",
              "default": true
            }
          ],
          "store_path": "/nix/store/gln3h31y4ryn223y5qw0drp1bc57x9mm-direnv-2.35.0"
        },
        "x86_64-darwin": {
          "outputs": [
            {
              "name": "out",
              "path": "/nix/store/k490nla03204kdifvddwy0s3jz0cqbri-direnv-2.35.0",
              "default": true
            }
          ],
          "store_path": "/nix/store/k490nla03204kdifvddwy0s3jz0cqbri-direnv-2.35.0"
        },
        "x86_64-linux": {
          "outputs": [
            {
              "name": "out",
              "path": "/nix/store/a2f68ipvpd810x3cnsk9i1jzzsx6f01s-direnv-2.35.0",
              "default": true
            }
          ],
          "store_path": "/nix/store/a2f68ipvpd810x3cnsk9i1jzzsx6f01s-direnv-2.35.0"
        }
      }
    },
    "gitleaks@8.23.3": {
      "last_modified": "2025-02-07T11:26:36Z",
      "resolved": "github:NixOS/nixpkgs/d98abf5cf5914e5e4e9d57205e3af55ca90ffc1d#gitleaks",
      "source": "devbox-search",
      "version": "8.23.3",
      "systems": {
        "aarch64-darwin": {
          "outputs": [
            {
              "name": "out",
              "path": "/nix/store/jjycpwr0vzdzpcawjm1qppk48v3nmv72-gitleaks-8.23.3",
              "default": true
            }
          ],
          "store_path": "/nix/store/jjycpwr0vzdzpcawjm1qppk48v3nmv72-gitleaks-8.23.3"
        },
        "aarch64-linux": {
          "outputs": [
            {
              "name": "out",
              "path": "/nix/store/p2mq9nwdcdc4fi7n5wdjb13vcx7lsr44-gitleaks-8.23.3",
              "default": true
            }
          ],
          "store_path": "/nix/store/p2mq9nwdcdc4fi7n5wdjb13vcx7lsr44-gitleaks-8.23.3"
        },
        "x86_64-darwin": {
          "outputs": [
            {
              "name": "out",
              "path": "/nix/store/bvjpkyg452fwp533ip48i796p3kvwy1p-gitleaks-8.23.3",
              "default": true
            }
          ],
          "store_path": "/nix/store/bvjpkyg452fwp533ip48i796p3kvwy1p-gitleaks-8.23.3"
        },
        "x86_64-linux": {
          "outputs": [
            {
              "name": "out",
              "path": "/nix/store/727xxznh4sm36155ci7jc8gmpj30pa18-gitleaks-8.23.3",
              "default": true
            }
          ],
          "store_path": "/nix/store/727xxznh4sm36155ci7jc8gmpj30pa18-gitleaks-8.23.3"
        }
      }
    },
    "go-task@3.41.0": {
      "last_modified": "2025-04-17T05:47:26Z",
      "resolved": "github:NixOS/nixpkgs/ebe4301cbd8f81c4f8d3244b3632338bbeb6d49c#go-task",
      "source": "devbox-search",
      "version": "3.41.0",
      "systems": {
        "aarch64-darwin": {
          "outputs": [
            {
              "name": "out",
              "path": "/nix/store/zz0ydwqf8s4dmdrhrd2i8h467mxsdgib-go-task-3.41.0",
              "default": true
            }
          ],
          "store_path": "/nix/store/zz0ydwqf8s4dmdrhrd2i8h467mxsdgib-go-task-3.41.0"
        },
        "aarch64-linux": {
          "outputs": [
            {
              "name": "out",
              "path": "/nix/store/gw5m0vszm1arqri0f23x2myhn48njy8a-go-task-3.41.0",
              "default": true
            }
          ],
          "store_path": "/nix/store/gw5m0vszm1arqri0f23x2myhn48njy8a-go-task-3.41.0"
        },
        "x86_64-darwin": {
          "outputs": [
            {
              "name": "out",
              "path": "/nix/store/hyp3mswald858k3kpbyc63h4dz2xfl18-go-task-3.41.0",
              "default": true
            }
          ],
          "store_path": "/nix/store/hyp3mswald858k3kpbyc63h4dz2xfl18-go-task-3.41.0"
        },
        "x86_64-linux": {
          "outputs": [
            {
              "name": "out",
              "path": "/nix/store/h39sp829c75dccfp5jk8a5aqap4gpn8m-go-task-3.41.0",
              "default": true
            }
          ],
          "store_path": "/nix/store/h39sp829c75dccfp5jk8a5aqap4gpn8m-go-task-3.41.0"
        }
      }
    },
    "infracost@0.10.38": {
      "last_modified": "2025-05-16T20:19:48Z",
      "resolved": "github:NixOS/nixpkgs/12a55407652e04dcf2309436eb06fef0d3713ef3#infracost",
      "source": "devbox-search",
      "version": "0.10.38",
      "systems": {
        "aarch64-darwin": {
          "outputs": [
            {
              "name": "out",
              "path": "/nix/store/g3gjyiqrpxsyz2lbnff5qn6zc8vjqcv5-infracost-0.10.38",
              "default": true
            }
          ],
          "store_path": "/nix/store/g3gjyiqrpxsyz2lbnff5qn6zc8vjqcv5-infracost-0.10.38"
        },
        "aarch64-linux": {
          "outputs": [
            {
              "name": "out",
              "path": "/nix/store/iky1xdfnl7h5y10ll3p37kbjw7d6h0z5-infracost-0.10.38",
              "default": true
            }
          ],
          "store_path": "/nix/store/iky1xdfnl7h5y10ll3p37kbjw7d6h0z5-infracost-0.10.38"
        },
        "x86_64-darwin": {
          "outputs": [
            {
              "name": "out",
              "path": "/nix/store/6615n72zhzik1vrh5waffa94q8cc9i83-infracost-0.10.38",
              "default": true
            }
          ],
          "store_path": "/nix/store/6615n72zhzik1vrh5waffa94q8cc9i83-infracost-0.10.38"
        },
        "x86_64-linux": {
          "outputs": [
            {
              "name": "out",
              "path": "/nix/store/dcsrpn8zl72vah0mqx4i4nd7rk3a5dhc-infracost-0.10.38",
              "default": true
            }
          ],
          "store_path": "/nix/store/dcsrpn8zl72vah0mqx4i4nd7rk3a5dhc-infracost-0.10.38"
        }
      }
    },
    "nodePackages.dotenv-cli@7.4.2": {
      "last_modified": "2024-06-12T20:55:33Z",
      "resolved": "github:NixOS/nixpkgs/a9858885e197f984d92d7fe64e9fff6b2e488d40#nodePackages.dotenv-cli",
      "source": "devbox-search",
      "version": "7.4.2",
      "systems": {
        "aarch64-darwin": {
          "outputs": [
            {
              "name": "out",
              "path": "/nix/store/7mmvwbmdchvszmpppwfyvzx7zfbh7572-dotenv-cli-7.4.2",
              "default": true
            }
          ],
          "store_path": "/nix/store/7mmvwbmdchvszmpppwfyvzx7zfbh7572-dotenv-cli-7.4.2"
        },
        "aarch64-linux": {
          "outputs": [
            {
              "name": "out",
              "path": "/nix/store/sphcf4i8fzsjry0d41hmaj0w1108gjhx-dotenv-cli-7.4.2",
              "default": true
            }
          ],
          "store_path": "/nix/store/sphcf4i8fzsjry0d41hmaj0w1108gjhx-dotenv-cli-7.4.2"
        },
        "x86_64-darwin": {
          "outputs": [
            {
              "name": "out",
              "path": "/nix/store/rlpxzcxc152brr0k7ijxakfkf5cmw5wv-dotenv-cli-7.4.2",
              "default": true
            }
          ],
          "store_path": "/nix/store/rlpxzcxc152brr0k7ijxakfkf5cmw5wv-dotenv-cli-7.4.2"
        },
        "x86_64-linux": {
          "outputs": [
            {
              "name": "out",
              "path": "/nix/store/88f42dllh9zcyp0s0n4l5wdjihdmh30d-dotenv-cli-7.4.2",
              "default": true
            }
          ],
          "store_path": "/nix/store/88f42dllh9zcyp0s0n4l5wdjihdmh30d-dotenv-cli-7.4.2"
        }
      }
    },
    "opentofu@1.9.0": {
      "last_modified": "2025-04-17T05:47:26Z",
      "resolved": "github:NixOS/nixpkgs/ebe4301cbd8f81c4f8d3244b3632338bbeb6d49c#opentofu",
      "source": "devbox-search",
      "version": "1.9.0",
      "systems": {
        "aarch64-darwin": {
          "outputs": [
            {
              "name": "out",
              "path": "/nix/store/pvkhwkhm9sgbxy9h7i31j1bf0azfp2pp-opentofu-1.9.0",
              "default": true
            }
          ],
          "store_path": "/nix/store/pvkhwkhm9sgbxy9h7i31j1bf0azfp2pp-opentofu-1.9.0"
        },
        "aarch64-linux": {
          "outputs": [
            {
              "name": "out",
              "path": "/nix/store/ns6ryqq53aw8sbddw1fa6f3bypf0ywmm-opentofu-1.9.0",
              "default": true
            }
          ],
          "store_path": "/nix/store/ns6ryqq53aw8sbddw1fa6f3bypf0ywmm-opentofu-1.9.0"
        },
        "x86_64-darwin": {
          "outputs": [
            {
              "name": "out",
              "path": "/nix/store/acsynshzyk0kpn6w9gza6qg45b6sq2dw-opentofu-1.9.0",
              "default": true
            }
          ],
          "store_path": "/nix/store/acsynshzyk0kpn6w9gza6qg45b6sq2dw-opentofu-1.9.0"
        },
        "x86_64-linux": {
          "outputs": [
            {
              "name": "out",
              "path": "/nix/store/p1yw3nh87cryqzjc7iwxv524gvljczpj-opentofu-1.9.0",
              "default": true
            }
          ],
          "store_path": "/nix/store/p1yw3nh87cryqzjc7iwxv524gvljczpj-opentofu-1.9.0"
        }
      }
    },
    "pre-commit@4.0.1": {
      "last_modified": "2025-05-24T21:46:02Z",
      "resolved": "github:NixOS/nixpkgs/edb3633f9100d9277d1c9af245a4e9337a980c07#pre-commit",
      "source": "devbox-search",
      "version": "4.0.1",
      "systems": {
        "aarch64-darwin": {
          "outputs": [
            {
              "name": "out",
              "path": "/nix/store/bc4kmk0axsjpqi2qb90prz48kgj9d3sh-pre-commit-4.0.1",
              "default": true
            },
            {
              "name": "dist",
              "path": "/nix/store/z11da5zvkadbmxkzn7xbzfrnk6i4vdn1-pre-commit-4.0.1-dist"
            }
          ],
          "store_path": "/nix/store/bc4kmk0axsjpqi2qb90prz48kgj9d3sh-pre-commit-4.0.1"
        },
        "aarch64-linux": {
          "outputs": [
            {
              "name": "out",
              "path": "/nix/store/jvn51ghymrzhjj8yh9akynmil81wml8b-pre-commit-4.0.1",
              "default": true
            },
            {
              "name": "dist",
              "path": "/nix/store/p5f2w2293f5misywn4z53xy9dgfxblg4-pre-commit-4.0.1-dist"
            }
          ],
          "store_path": "/nix/store/jvn51ghymrzhjj8yh9akynmil81wml8b-pre-commit-4.0.1"
        },
        "x86_64-darwin": {
          "outputs": [
            {
              "name": "out",
              "path": "/nix/store/zh44fhd02yw8y62r6a5rfrhv0p7ckjjp-pre-commit-4.0.1",
              "default": true
            },
            {
              "name": "dist",
              "path": "/nix/store/9v6hdd1wlizl80i38x92y7jappxmzsv4-pre-commit-4.0.1-dist"
            }
          ],
          "store_path": "/nix/store/zh44fhd02yw8y62r6a5rfrhv0p7ckjjp-pre-commit-4.0.1"
        },
        "x86_64-linux": {
          "outputs": [
            {
              "name": "out",
              "path": "/nix/store/xa4agyn6z080h1wn89w64y0crjbpydv3-pre-commit-4.0.1",
              "default": true
            },
            {
              "name": "dist",
              "path": "/nix/store/bm0s55j6c8i6lk06b5k8qapfp39bkz2n-pre-commit-4.0.1-dist"
            }
          ],
          "store_path": "/nix/store/xa4agyn6z080h1wn89w64y0crjbpydv3-pre-commit-4.0.1"
        }
      }
    },
    "terraform-docs@0.19.0": {
      "last_modified": "2025-03-11T17:52:14Z",
      "resolved": "github:NixOS/nixpkgs/0d534853a55b5d02a4ababa1d71921ce8f0aee4c#terraform-docs",
      "source": "devbox-search",
      "version": "0.19.0",
      "systems": {
        "aarch64-darwin": {
          "outputs": [
            {
              "name": "out",
              "path": "/nix/store/kgj8010azjs78amzm7kz4nvi4kjcky6y-terraform-docs-0.19.0",
              "default": true
            }
          ],
          "store_path": "/nix/store/kgj8010azjs78amzm7kz4nvi4kjcky6y-terraform-docs-0.19.0"
        },
        "aarch64-linux": {
          "outputs": [
            {
              "name": "out",
              "path": "/nix/store/gx50ndypnvc660k5qy666368jvwiq2f9-terraform-docs-0.19.0",
              "default": true
            }
          ],
          "store_path": "/nix/store/gx50ndypnvc660k5qy666368jvwiq2f9-terraform-docs-0.19.0"
        },
        "x86_64-darwin": {
          "outputs": [
            {
              "name": "out",
              "path": "/nix/store/87yrqmi92zyc0zk0r237vh182kxm5giy-terraform-docs-0.19.0",
              "default": true
            }
          ],
          "store_path": "/nix/store/87yrqmi92zyc0zk0r237vh182kxm5giy-terraform-docs-0.19.0"
        },
        "x86_64-linux": {
          "outputs": [
            {
              "name": "out",
              "path": "/nix/store/wd2c1qgpqfg6xlhcmwk7lmriwwwfgm7d-terraform-docs-0.19.0",
              "default": true
            }
          ],
          "store_path": "/nix/store/wd2c1qgpqfg6xlhcmwk7lmriwwwfgm7d-terraform-docs-0.19.0"
        }
      }
    },
    "terraform@0.12.31": {
      "last_modified": "2021-06-05T00:08:24Z",
      "resolved": "github:NixOS/nixpkgs/afdb5675a180f347bfa8ae909d4e419fb8b151bd#terraform",
      "source": "devbox-search",
      "version": "0.12.31",
      "systems": {
        "x86_64-linux": {
          "outputs": [
            {
              "path": "/tmp/containerbase/cache/nix/store/0nzwggl8sykmbigzlnkwafk9j36qb2lw-terraform-0.12.31",
              "default": true
            }
          ]
        }
      }
    },
    "tflint@0.58.0": {
      "last_modified": "2025-05-25T15:24:27Z",
      "resolved": "github:NixOS/nixpkgs/bdac72d387dca7f836f6ef1fe547755fb0e9df61#tflint",
      "source": "devbox-search",
      "version": "0.58.0",
      "systems": {
        "aarch64-darwin": {
          "outputs": [
            {
              "name": "out",
              "path": "/nix/store/4qk8245ngy68wnb2ppmpf3mxaarqx455-tflint-0.58.0",
              "default": true
            }
          ],
          "store_path": "/nix/store/4qk8245ngy68wnb2ppmpf3mxaarqx455-tflint-0.58.0"
        },
        "aarch64-linux": {
          "outputs": [
            {
              "name": "out",
              "path": "/nix/store/iprfjpbgjax3vgvdwa5qp47gang68jg7-tflint-0.58.0",
              "default": true
            }
          ],
          "store_path": "/nix/store/iprfjpbgjax3vgvdwa5qp47gang68jg7-tflint-0.58.0"
        },
        "x86_64-darwin": {
          "outputs": [
            {
              "name": "out",
              "path": "/nix/store/m4bw0c8gy1s12vcz5dnckwk1ixbfqd2v-tflint-0.58.0",
              "default": true
            }
          ],
          "store_path": "/nix/store/m4bw0c8gy1s12vcz5dnckwk1ixbfqd2v-tflint-0.58.0"
        },
        "x86_64-linux": {
          "outputs": [
            {
              "name": "out",
              "path": "/nix/store/xjxn3miyzqfnf1451ysmdzfr15x7n50b-tflint-0.58.0",
              "default": true
            }
          ],
          "store_path": "/nix/store/xjxn3miyzqfnf1451ysmdzfr15x7n50b-tflint-0.58.0"
        }
      }
    },
    "yamllint@1.35.1": {
      "last_modified": "2025-03-11T17:52:14Z",
      "resolved": "github:NixOS/nixpkgs/0d534853a55b5d02a4ababa1d71921ce8f0aee4c#yamllint",
      "source": "devbox-search",
      "version": "1.35.1",
      "systems": {
        "aarch64-darwin": {
          "outputs": [
            {
              "name": "out",
              "path": "/nix/store/58b107rvyh32ad9106l6hps4pfglvy0r-python3.12-yamllint-1.35.1",
              "default": true
            },
            {
              "name": "dist",
              "path": "/nix/store/pcdm7w5q5bhgq9268zdmvi521fgv6mjj-python3.12-yamllint-1.35.1-dist"
            }
          ],
          "store_path": "/nix/store/58b107rvyh32ad9106l6hps4pfglvy0r-python3.12-yamllint-1.35.1"
        },
        "aarch64-linux": {
          "outputs": [
            {
              "name": "out",
              "path": "/nix/store/0nfjhvhnhy2r492d1hlfbj3a4808pp2s-python3.12-yamllint-1.35.1",
              "default": true
            },
            {
              "name": "dist",
              "path": "/nix/store/771nrwh8n0rjqyyy5klap1jr4sk0x569-python3.12-yamllint-1.35.1-dist"
            }
          ],
          "store_path": "/nix/store/0nfjhvhnhy2r492d1hlfbj3a4808pp2s-python3.12-yamllint-1.35.1"
        },
        "x86_64-darwin": {
          "outputs": [
            {
              "name": "out",
              "path": "/nix/store/g6clqcsm8272xzbx5xcyzb3pv2kc04s4-python3.12-yamllint-1.35.1",
              "default": true
            },
            {
              "name": "dist",
              "path": "/nix/store/6qmdk3lvlifw9j0yzmbp7yr6nax88kfc-python3.12-yamllint-1.35.1-dist"
            }
          ],
          "store_path": "/nix/store/g6clqcsm8272xzbx5xcyzb3pv2kc04s4-python3.12-yamllint-1.35.1"
        },
        "x86_64-linux": {
          "outputs": [
            {
              "name": "out",
              "path": "/nix/store/kkmxcmjsdc1sxv0lvg1x22n9zr146aki-python3.12-yamllint-1.35.1",
              "default": true
            },
            {
              "name": "dist",
              "path": "/nix/store/lhajwzvl8fpiknaqmlc54gy2m0ld4lki-python3.12-yamllint-1.35.1-dist"
            }
          ],
          "store_path": "/nix/store/kkmxcmjsdc1sxv0lvg1x22n9zr146aki-python3.12-yamllint-1.35.1"
        }
      }
    }
  }
}
